# This file is automatically @generated by Cargo.
# It is not intended for manual editing.
[[package]]
name = "lazy_static"
version = "1.4.0"
source = "registry+https://github.com/rust-lang/crates.io-index"

[[package]]
name = "lushuic"
version = "0.1.0"
dependencies = [
 "string_cache 0.8.0 (registry+https://github.com/rust-lang/crates.io-index)",
]

[[package]]
name = "new_debug_unreachable"
version = "1.0.3"
source = "registry+https://github.com/rust-lang/crates.io-index"

[[package]]
name = "phf_shared"
version = "0.8.0"
source = "registry+https://github.com/rust-lang/crates.io-index"
dependencies = [
 "siphasher 0.3.1 (registry+https://github.com/rust-lang/crates.io-index)",
]

[[package]]
name = "precomputed-hash"
version = "0.1.1"
source = "registry+https://github.com/rust-lang/crates.io-index"

[[package]]
name = "serde"
version = "1.0.102"
source = "registry+https://github.com/rust-lang/crates.io-index"

[[package]]
name = "siphasher"
version = "0.3.1"
source = "registry+https://github.com/rust-lang/crates.io-index"

[[package]]
name = "string_cache"
version = "0.8.0"
source = "registry+https://github.com/rust-lang/crates.io-index"
dependencies = [
 "lazy_static 1.4.0 (registry+https://github.com/rust-lang/crates.io-index)",
 "new_debug_unreachable 1.0.3 (registry+https://github.com/rust-lang/crates.io-index)",
 "phf_shared 0.8.0 (registry+https://github.com/rust-lang/crates.io-index)",
 "precomputed-hash 0.1.1 (registry+https://github.com/rust-lang/crates.io-index)",
 "serde 1.0.102 (registry+https://github.com/rust-lang/crates.io-index)",
]

[metadata]
"checksum lazy_static 1.4.0 (registry+https://github.com/rust-lang/crates.io-index)" = "e2abad23fbc42b3700f2f279844dc832adb2b2eb069b2df918f455c4e18cc646"
"checksum new_debug_unreachable 1.0.3 (registry+https://github.com/rust-lang/crates.io-index)" = "f40f005c60db6e03bae699e414c58bf9aa7ea02a2d0b9bfbcf19286cc4c82b30"
"checksum phf_shared 0.8.0 (registry+https://github.com/rust-lang/crates.io-index)" = "c00cf8b9eafe68dde5e9eaa2cef8ee84a9336a47d566ec55ca16589633b65af7"
"checksum precomputed-hash 0.1.1 (registry+https://github.com/rust-lang/crates.io-index)" = "925383efa346730478fb4838dbe9137d2a47675ad789c546d150a6e1dd4ab31c"
"checksum serde 1.0.102 (registry+https://github.com/rust-lang/crates.io-index)" = "0c4b39bd9b0b087684013a792c59e3e07a46a01d2322518d8a1104641a0b1be0"
"checksum siphasher 0.3.1 (registry+https://github.com/rust-lang/crates.io-index)" = "83da420ee8d1a89e640d0948c646c1c088758d3a3c538f943bfa97bdac17929d"
"checksum string_cache 0.8.0 (registry+https://github.com/rust-lang/crates.io-index)" = "2940c75beb4e3bf3a494cef919a747a2cb81e52571e212bfbd185074add7208a"
